# This file is automatically @generated by Cargo.
# It is not intended for manual editing.
version = 3

[[package]]
name = "app"
version = "1.0.0"
dependencies = [
 "sgx_types",
 "sgx_urts",
]

[[package]]
name = "libc"
version = "0.2.159"
source = "registry+https://github.com/rust-lang/crates.io-index"
checksum = "561d97a539a36e26a9a5fad1ea11a3039a67714694aaa379433e580854bc3dc5"

[[package]]
name = "sgx_types"
version = "2.0.0"

[[package]]
name = "sgx_uprotected_fs"
version = "2.0.0"
dependencies = [
 "libc",
 "sgx_types",
]

[[package]]
name = "sgx_urts"
version = "2.0.0"
dependencies = [
 "libc",
 "sgx_types",
 "sgx_uprotected_fs",
]
